[[package]]
name = "async-eval"
version = "0.1.0"
description = "eval async code from sync"
category = "main"
optional = false
python-versions = ">=3.6.1,<4.0.0"

[package.dependencies]
nest-asyncio = ">=1.5.1,<2.0.0"
pydevd-pycharm = {version = ">=212.5080.18,<213.0.0", optional = true, markers = "extra == \"pydevd-pycharm\" or extra == \"all\""}

[package.extras]
pydevd-pycharm = ["pydevd-pycharm (>=212.5080.18,<213.0.0)"]
all = ["pydevd-pycharm (>=212.5080.18,<213.0.0)", "trio (>=0.19.0,<0.20.0)"]
trio = ["trio (>=0.19.0,<0.20.0)"]

[[package]]
name = "click"
version = "7.1.2"
description = "Composable command line interface toolkit"
category = "main"
optional = false
python-versions = ">=2.7, !=3.0.*, !=3.1.*, !=3.2.*, !=3.3.*, !=3.4.*"

[[package]]
name = "nest-asyncio"
version = "1.5.1"
description = "Patch asyncio to allow nested event loops"
category = "main"
optional = false
python-versions = ">=3.5"

[[package]]
name = "pydevd-pycharm"
version = "212.5080.18"
description = "PyCharm Debugger (used in PyCharm and PyDev)"
category = "main"
optional = false
python-versions = "*"

[metadata]
lock-version = "1.1"
python-versions = "^3.9"
content-hash = "3c3997c5480fe49e4c393db154c895ee9448f15bdec335620a8db1473e3c0c02"

[metadata.files]
async-eval = [
    {file = "async_eval-0.1.0-py3-none-any.whl", hash = "sha256:b4700fdc44a5b887e6c31ccc7ad1ef2aab49be33a20d2d70ea4aff24ece4f478"},
    {file = "async_eval-0.1.0.tar.gz", hash = "sha256:bc517fcc73242fd8d08488d5b07abb92a5f46bd6bdbf156389dee395667bff4d"},
]
click = [
    {file = "click-7.1.2-py2.py3-none-any.whl", hash = "sha256:dacca89f4bfadd5de3d7489b7c8a566eee0d3676333fbb50030263894c38c0dc"},
    {file = "click-7.1.2.tar.gz", hash = "sha256:d2b5255c7c6349bc1bd1e59e08cd12acbbd63ce649f2588755783aa94dfb6b1a"},
]
nest-asyncio = [
    {file = "nest_asyncio-1.5.1-py3-none-any.whl", hash = "sha256:76d6e972265063fe92a90b9cc4fb82616e07d586b346ed9d2c89a4187acea39c"},
    {file = "nest_asyncio-1.5.1.tar.gz", hash = "sha256:afc5a1c515210a23c461932765691ad39e8eba6551c055ac8d5546e69250d0aa"},
]
pydevd-pycharm = [
    {file = "pydevd-pycharm-212.5080.18.tar.gz", hash = "sha256:ed751da5b7c15e7b16301d84811e736c13e02c791c0eccdf61d01c1f0d18ba17"},
]
