# This file is automatically @generated by Poetry 1.7.1 and should not be changed by hand.

[[package]]
name = "async-eval"
version = "0.3.0"
description = "eval async code from sync"
optional = false
python-versions = ">=3.7,<4.0"
files = [
    {file = "async_eval-0.3.0-py3-none-any.whl", hash = "sha256:8035296565c254c7bd97afdd19aa3bc5835a795acdc14b4f951256a913331dc7"},
    {file = "async_eval-0.3.0.tar.gz", hash = "sha256:21e8aa6124e5a54d01aa029a565a420fe338873d14894d7e8d8419a2e07ae088"},
]

[package.dependencies]
pydevd-pycharm = {version = ">=232.8660.147", optional = true, markers = "extra == \"pydevd-pycharm\" or extra == \"all\""}

[package.extras]
all = ["pydevd-pycharm (>=232.8660.147)", "trio (>=0.21)"]
pydevd-pycharm = ["pydevd-pycharm (>=232.8660.147)"]
trio = ["trio (>=0.21)"]

[[package]]
name = "click"
version = "8.1.7"
description = "Composable command line interface toolkit"
optional = false
python-versions = ">=3.7"
files = [
    {file = "click-8.1.7-py3-none-any.whl", hash = "sha256:ae74fb96c20a0277a1d615f1e4d73c8414f5a98db8b799a7931d1582f3390c28"},
    {file = "click-8.1.7.tar.gz", hash = "sha256:ca9853ad459e787e2192211578cc907e7594e294c7ccc834310722b41b9ca6de"},
]

[package.dependencies]
colorama = {version = "*", markers = "platform_system == \"Windows\""}

[[package]]
name = "colorama"
version = "0.4.6"
description = "Cross-platform colored terminal text."
optional = false
python-versions = "!=3.0.*,!=3.1.*,!=3.2.*,!=3.3.*,!=3.4.*,!=3.5.*,!=3.6.*,>=2.7"
files = [
    {file = "colorama-0.4.6-py2.py3-none-any.whl", hash = "sha256:4f1d9991f5acc0ca119f9d443620b77f9d6b33703e51011c16baf57afb285fc6"},
    {file = "colorama-0.4.6.tar.gz", hash = "sha256:08695f5cb7ed6e0531a20572697297273c47b8cae5a63ffc6d6ed5c201be6e44"},
]

[[package]]
name = "pydevd-pycharm"
version = "241.14024.28"
description = "PyCharm Debugger (used in PyCharm and PyDev)"
optional = false
python-versions = "*"
files = [
    {file = "pydevd-pycharm-241.14024.28.tar.gz", hash = "sha256:62855601756894ff3888469fd7114950d81289f1b1dbad20394520cc2ef35405"},
]

[metadata]
lock-version = "2.0"
python-versions = "^3.9"
content-hash = "edcf84fe130317cf6f09f6014722913822f12f379ed2601113d249d3b7fdf8ba"
