[[package]]
name = "nest-asyncio"
version = "1.4.3"
description = "Patch asyncio to allow nested event loops"
category = "main"
optional = false
python-versions = ">=3.5"

[metadata]
lock-version = "1.1"
python-versions = "^3.9"
content-hash = "7168ba461ddb59e7adf0f3001601cf10ce472d0db2f5b92dd93e77f260606f4f"

[metadata.files]
nest-asyncio = [
    {file = "nest_asyncio-1.4.3-py3-none-any.whl", hash = "sha256:dbe032f3e9ff7f120e76be22bf6e7958e867aed1743e6894b8a9585fe8495cc9"},
    {file = "nest_asyncio-1.4.3.tar.gz", hash = "sha256:eaa09ef1353ebefae19162ad423eef7a12166bcc63866f8bff8f3635353cd9fa"},
]
